// !$*UTF8*$!
{
	archiveVersion = 1;
	classes = {
	};
	objectVersion = 50;
	objects = {

/* Begin PBXBuildFile section */
		8C19287920FD237900994EBE /* AppDelegate.swift in Sources */ = {isa = PBXBuildFile; fileRef = 8C19287820FD237900994EBE /* AppDelegate.swift */; };
		8C19287B20FD237900994EBE /* ViewController.swift in Sources */ = {isa = PBXBuildFile; fileRef = 8C19287A20FD237900994EBE /* ViewController.swift */; };
		8C19287E20FD237900994EBE /* Main.storyboard in Resources */ = {isa = PBXBuildFile; fileRef = 8C19287C20FD237900994EBE /* Main.storyboard */; };
		8C19288020FD237A00994EBE /* Assets.xcassets in Resources */ = {isa = PBXBuildFile; fileRef = 8C19287F20FD237A00994EBE /* Assets.xcassets */; };
		8C19288320FD237A00994EBE /* LaunchScreen.storyboard in Resources */ = {isa = PBXBuildFile; fileRef = 8C19288120FD237A00994EBE /* LaunchScreen.storyboard */; };
		8C19288E20FD237A00994EBE /* BitriseTestTests.swift in Sources */ = {isa = PBXBuildFile; fileRef = 8C19288D20FD237A00994EBE /* BitriseTestTests.swift */; };
		8C19289920FD237A00994EBE /* BitriseTestUITests.swift in Sources */ = {isa = PBXBuildFile; fileRef = 8C19289820FD237A00994EBE /* BitriseTestUITests.swift */; };
/* End PBXBuildFile section */

/* Begin PBXContainerItemProxy section */
		8C19288A20FD237A00994EBE /* PBXContainerItemProxy */ = {
			isa = PBXContainerItemProxy;
			containerPortal = 8C19286D20FD237900994EBE /* Project object */;
			proxyType = 1;
			remoteGlobalIDString = 8C19287420FD237900994EBE;
			remoteInfo = BitriseTest;
		};
		8C19289520FD237A00994EBE /* PBXContainerItemProxy */ = {
			isa = PBXContainerItemProxy;
			containerPortal = 8C19286D20FD237900994EBE /* Project object */;
			proxyType = 1;
			remoteGlobalIDString = 8C19287420FD237900994EBE;
			remoteInfo = BitriseTest;
		};
/* End PBXContainerItemProxy section */

/* Begin PBXFileReference section */
		8C19287520FD237900994EBE /* BitriseTest.app */ = {isa = PBXFileReference; explicitFileType = wrapper.application; includeInIndex = 0; path = BitriseTest.app; sourceTree = BUILT_PRODUCTS_DIR; };
		8C19287820FD237900994EBE /* AppDelegate.swift */ = {isa = PBXFileReference; lastKnownFileType = sourcecode.swift; path = AppDelegate.swift; sourceTree = "<group>"; };
		8C19287A20FD237900994EBE /* ViewController.swift */ = {isa = PBXFileReference; lastKnownFileType = sourcecode.swift; path = ViewController.swift; sourceTree = "<group>"; };
		8C19287D20FD237900994EBE /* Base */ = {isa = PBXFileReference; lastKnownFileType = file.storyboard; name = Base; path = Base.lproj/Main.storyboard; sourceTree = "<group>"; };
		8C19287F20FD237A00994EBE /* Assets.xcassets */ = {isa = PBXFileReference; lastKnownFileType = folder.assetcatalog; path = Assets.xcassets; sourceTree = "<group>"; };
		8C19288220FD237A00994EBE /* Base */ = {isa = PBXFileReference; lastKnownFileType = file.storyboard; name = Base; path = Base.lproj/LaunchScreen.storyboard; sourceTree = "<group>"; };
		8C19288420FD237A00994EBE /* Info.plist */ = {isa = PBXFileReference; lastKnownFileType = text.plist.xml; path = Info.plist; sourceTree = "<group>"; };
		8C19288920FD237A00994EBE /* BitriseTestTests.xctest */ = {isa = PBXFileReference; explicitFileType = wrapper.cfbundle; includeInIndex = 0; path = BitriseTestTests.xctest; sourceTree = BUILT_PRODUCTS_DIR; };
		8C19288D20FD237A00994EBE /* BitriseTestTests.swift */ = {isa = PBXFileReference; lastKnownFileType = sourcecode.swift; path = BitriseTestTests.swift; sourceTree = "<group>"; };
		8C19288F20FD237A00994EBE /* Info.plist */ = {isa = PBXFileReference; lastKnownFileType = text.plist.xml; path = Info.plist; sourceTree = "<group>"; };
		8C19289420FD237A00994EBE /* BitriseTestUITests.xctest */ = {isa = PBXFileReference; explicitFileType = wrapper.cfbundle; includeInIndex = 0; path = BitriseTestUITests.xctest; sourceTree = BUILT_PRODUCTS_DIR; };
		8C19289820FD237A00994EBE /* BitriseTestUITests.swift */ = {isa = PBXFileReference; lastKnownFileType = sourcecode.swift; path = BitriseTestUITests.swift; sourceTree = "<group>"; };
		8C19289A20FD237A00994EBE /* Info.plist */ = {isa = PBXFileReference; lastKnownFileType = text.plist.xml; path = Info.plist; sourceTree = "<group>"; };
/* End PBXFileReference section */

/* Begin PBXFrameworksBuildPhase section */
		8C19287220FD237900994EBE /* Frameworks */ = {
			isa = PBXFrameworksBuildPhase;
			buildActionMask = 2147483647;
			files = (
			);
			runOnlyForDeploymentPostprocessing = 0;
		};
		8C19288620FD237A00994EBE /* Frameworks */ = {
			isa = PBXFrameworksBuildPhase;
			buildActionMask = 2147483647;
			files = (
			);
			runOnlyForDeploymentPostprocessing = 0;
		};
		8C19289120FD237A00994EBE /* Frameworks */ = {
			isa = PBXFrameworksBuildPhase;
			buildActionMask = 2147483647;
			files = (
			);
			runOnlyForDeploymentPostprocessing = 0;
		};
/* End PBXFrameworksBuildPhase section */

/* Begin PBXGroup section */
		8C19286C20FD237900994EBE = {
			isa = PBXGroup;
			children = (
				8C19287720FD237900994EBE /* BitriseTest */,
				8C19288C20FD237A00994EBE /* BitriseTestTests */,
				8C19289720FD237A00994EBE /* BitriseTestUITests */,
				8C19287620FD237900994EBE /* Products */,
			);
			sourceTree = "<group>";
		};
		8C19287620FD237900994EBE /* Products */ = {
			isa = PBXGroup;
			children = (
				8C19287520FD237900994EBE /* BitriseTest.app */,
				8C19288920FD237A00994EBE /* BitriseTestTests.xctest */,
				8C19289420FD237A00994EBE /* BitriseTestUITests.xctest */,
			);
			name = Products;
			sourceTree = "<group>";
		};
		8C19287720FD237900994EBE /* BitriseTest */ = {
			isa = PBXGroup;
			children = (
				8C19287820FD237900994EBE /* AppDelegate.swift */,
				8C19287A20FD237900994EBE /* ViewController.swift */,
				8C19287C20FD237900994EBE /* Main.storyboard */,
				8C19287F20FD237A00994EBE /* Assets.xcassets */,
				8C19288120FD237A00994EBE /* LaunchScreen.storyboard */,
				8C19288420FD237A00994EBE /* Info.plist */,
			);
			path = BitriseTest;
			sourceTree = "<group>";
		};
		8C19288C20FD237A00994EBE /* BitriseTestTests */ = {
			isa = PBXGroup;
			children = (
				8C19288D20FD237A00994EBE /* BitriseTestTests.swift */,
				8C19288F20FD237A00994EBE /* Info.plist */,
			);
			path = BitriseTestTests;
			sourceTree = "<group>";
		};
		8C19289720FD237A00994EBE /* BitriseTestUITests */ = {
			isa = PBXGroup;
			children = (
				8C19289820FD237A00994EBE /* BitriseTestUITests.swift */,
				8C19289A20FD237A00994EBE /* Info.plist */,
			);
			path = BitriseTestUITests;
			sourceTree = "<group>";
		};
/* End PBXGroup section */

/* Begin PBXNativeTarget section */
		8C19287420FD237900994EBE /* BitriseTest */ = {
			isa = PBXNativeTarget;
			buildConfigurationList = 8C19289D20FD237A00994EBE /* Build configuration list for PBXNativeTarget "BitriseTest" */;
			buildPhases = (
				8C19287120FD237900994EBE /* Sources */,
				8C19287220FD237900994EBE /* Frameworks */,
				8C19287320FD237900994EBE /* Resources */,
			);
			buildRules = (
			);
			dependencies = (
			);
			name = BitriseTest;
			productName = BitriseTest;
			productReference = 8C19287520FD237900994EBE /* BitriseTest.app */;
			productType = "com.apple.product-type.application";
		};
		8C19288820FD237A00994EBE /* BitriseTestTests */ = {
			isa = PBXNativeTarget;
			buildConfigurationList = 8C1928A020FD237A00994EBE /* Build configuration list for PBXNativeTarget "BitriseTestTests" */;
			buildPhases = (
				8C19288520FD237A00994EBE /* Sources */,
				8C19288620FD237A00994EBE /* Frameworks */,
				8C19288720FD237A00994EBE /* Resources */,
			);
			buildRules = (
			);
			dependencies = (
				8C19288B20FD237A00994EBE /* PBXTargetDependency */,
			);
			name = BitriseTestTests;
			productName = BitriseTestTests;
			productReference = 8C19288920FD237A00994EBE /* BitriseTestTests.xctest */;
			productType = "com.apple.product-type.bundle.unit-test";
		};
		8C19289320FD237A00994EBE /* BitriseTestUITests */ = {
			isa = PBXNativeTarget;
			buildConfigurationList = 8C1928A320FD237A00994EBE /* Build configuration list for PBXNativeTarget "BitriseTestUITests" */;
			buildPhases = (
				8C19289020FD237A00994EBE /* Sources */,
				8C19289120FD237A00994EBE /* Frameworks */,
				8C19289220FD237A00994EBE /* Resources */,
			);
			buildRules = (
			);
			dependencies = (
				8C19289620FD237A00994EBE /* PBXTargetDependency */,
			);
			name = BitriseTestUITests;
			productName = BitriseTestUITests;
			productReference = 8C19289420FD237A00994EBE /* BitriseTestUITests.xctest */;
			productType = "com.apple.product-type.bundle.ui-testing";
		};
/* End PBXNativeTarget section */

/* Begin PBXProject section */
		8C19286D20FD237900994EBE /* Project object */ = {
			isa = PBXProject;
			attributes = {
				LastSwiftUpdateCheck = 0940;
				LastUpgradeCheck = 0940;
				ORGANIZATIONNAME = "Natan Grando";
				TargetAttributes = {
					8C19287420FD237900994EBE = {
						CreatedOnToolsVersion = 9.4.1;
					};
					8C19288820FD237A00994EBE = {
						CreatedOnToolsVersion = 9.4.1;
						TestTargetID = 8C19287420FD237900994EBE;
					};
					8C19289320FD237A00994EBE = {
						CreatedOnToolsVersion = 9.4.1;
						TestTargetID = 8C19287420FD237900994EBE;
					};
				};
			};
			buildConfigurationList = 8C19287020FD237900994EBE /* Build configuration list for PBXProject "BitriseTest" */;
			compatibilityVersion = "Xcode 9.3";
			developmentRegion = en;
			hasScannedForEncodings = 0;
			knownRegions = (
				en,
				Base,
			);
			mainGroup = 8C19286C20FD237900994EBE;
			productRefGroup = 8C19287620FD237900994EBE /* Products */;
			projectDirPath = "";
			projectRoot = "";
			targets = (
				8C19287420FD237900994EBE /* BitriseTest */,
				8C19288820FD237A00994EBE /* BitriseTestTests */,
				8C19289320FD237A00994EBE /* BitriseTestUITests */,
			);
		};
/* End PBXProject section */

/* Begin PBXResourcesBuildPhase section */
		8C19287320FD237900994EBE /* Resources */ = {
			isa = PBXResourcesBuildPhase;
			buildActionMask = 2147483647;
			files = (
				8C19288320FD237A00994EBE /* LaunchScreen.storyboard in Resources */,
				8C19288020FD237A00994EBE /* Assets.xcassets in Resources */,
				8C19287E20FD237900994EBE /* Main.storyboard in Resources */,
			);
			runOnlyForDeploymentPostprocessing = 0;
		};
		8C19288720FD237A00994EBE /* Resources */ = {
			isa = PBXResourcesBuildPhase;
			buildActionMask = 2147483647;
			files = (
			);
			runOnlyForDeploymentPostprocessing = 0;
		};
		8C19289220FD237A00994EBE /* Resources */ = {
			isa = PBXResourcesBuildPhase;
			buildActionMask = 2147483647;
			files = (
			);
			runOnlyForDeploymentPostprocessing = 0;
		};
/* End PBXResourcesBuildPhase section */

/* Begin PBXSourcesBuildPhase section */
		8C19287120FD237900994EBE /* Sources */ = {
			isa = PBXSourcesBuildPhase;
			buildActionMask = 2147483647;
			files = (
				8C19287B20FD237900994EBE /* ViewController.swift in Sources */,
				8C19287920FD237900994EBE /* AppDelegate.swift in Sources */,
			);
			runOnlyForDeploymentPostprocessing = 0;
		};
		8C19288520FD237A00994EBE /* Sources */ = {
			isa = PBXSourcesBuildPhase;
			buildActionMask = 2147483647;
			files = (
				8C19288E20FD237A00994EBE /* BitriseTestTests.swift in Sources */,
			);
			runOnlyForDeploymentPostprocessing = 0;
		};
		8C19289020FD237A00994EBE /* Sources */ = {
			isa = PBXSourcesBuildPhase;
			buildActionMask = 2147483647;
			files = (
				8C19289920FD237A00994EBE /* BitriseTestUITests.swift in Sources */,
			);
			runOnlyForDeploymentPostprocessing = 0;
		};
/* End PBXSourcesBuildPhase section */

/* Begin PBXTargetDependency section */
		8C19288B20FD237A00994EBE /* PBXTargetDependency */ = {
			isa = PBXTargetDependency;
			target = 8C19287420FD237900994EBE /* BitriseTest */;
			targetProxy = 8C19288A20FD237A00994EBE /* PBXContainerItemProxy */;
		};
		8C19289620FD237A00994EBE /* PBXTargetDependency */ = {
			isa = PBXTargetDependency;
			target = 8C19287420FD237900994EBE /* BitriseTest */;
			targetProxy = 8C19289520FD237A00994EBE /* PBXContainerItemProxy */;
		};
/* End PBXTargetDependency section */

/* Begin PBXVariantGroup section */
		8C19287C20FD237900994EBE /* Main.storyboard */ = {
			isa = PBXVariantGroup;
			children = (
				8C19287D20FD237900994EBE /* Base */,
			);
			name = Main.storyboard;
			sourceTree = "<group>";
		};
		8C19288120FD237A00994EBE /* LaunchScreen.storyboard */ = {
			isa = PBXVariantGroup;
			children = (
				8C19288220FD237A00994EBE /* Base */,
			);
			name = LaunchScreen.storyboard;
			sourceTree = "<group>";
		};
/* End PBXVariantGroup section */

/* Begin XCBuildConfiguration section */
		8C19289B20FD237A00994EBE /* Debug */ = {
			isa = XCBuildConfiguration;
			buildSettings = {
				ALWAYS_SEARCH_USER_PATHS = NO;
				CLANG_ANALYZER_NONNULL = YES;
				CLANG_ANALYZER_NUMBER_OBJECT_CONVERSION = YES_AGGRESSIVE;
				CLANG_CXX_LANGUAGE_STANDARD = "gnu++14";
				CLANG_CXX_LIBRARY = "libc++";
				CLANG_ENABLE_MODULES = YES;
				CLANG_ENABLE_OBJC_ARC = YES;
				CLANG_ENABLE_OBJC_WEAK = YES;
				CLANG_WARN_BLOCK_CAPTURE_AUTORELEASING = YES;
				CLANG_WARN_BOOL_CONVERSION = YES;
				CLANG_WARN_COMMA = YES;
				CLANG_WARN_CONSTANT_CONVERSION = YES;
				CLANG_WARN_DEPRECATED_OBJC_IMPLEMENTATIONS = YES;
				CLANG_WARN_DIRECT_OBJC_ISA_USAGE = YES_ERROR;
				CLANG_WARN_DOCUMENTATION_COMMENTS = YES;
				CLANG_WARN_EMPTY_BODY = YES;
				CLANG_WARN_ENUM_CONVERSION = YES;
				CLANG_WARN_INFINITE_RECURSION = YES;
				CLANG_WARN_INT_CONVERSION = YES;
				CLANG_WARN_NON_LITERAL_NULL_CONVERSION = YES;
				CLANG_WARN_OBJC_IMPLICIT_RETAIN_SELF = YES;
				CLANG_WARN_OBJC_LITERAL_CONVERSION = YES;
				CLANG_WARN_OBJC_ROOT_CLASS = YES_ERROR;
				CLANG_WARN_RANGE_LOOP_ANALYSIS = YES;
				CLANG_WARN_STRICT_PROTOTYPES = YES;
				CLANG_WARN_SUSPICIOUS_MOVE = YES;
				CLANG_WARN_UNGUARDED_AVAILABILITY = YES_AGGRESSIVE;
				CLANG_WARN_UNREACHABLE_CODE = YES;
				CLANG_WARN__DUPLICATE_METHOD_MATCH = YES;
				CODE_SIGN_IDENTITY = "iPhone Developer";
				COPY_PHASE_STRIP = NO;
				DEBUG_INFORMATION_FORMAT = dwarf;
				ENABLE_STRICT_OBJC_MSGSEND = YES;
				ENABLE_TESTABILITY = YES;
				GCC_C_LANGUAGE_STANDARD = gnu11;
				GCC_DYNAMIC_NO_PIC = NO;
				GCC_NO_COMMON_BLOCKS = YES;
				GCC_OPTIMIZATION_LEVEL = 0;
				GCC_PREPROCESSOR_DEFINITIONS = (
					"DEBUG=1",
					"$(inherited)",
				);
				GCC_WARN_64_TO_32_BIT_CONVERSION = YES;
				GCC_WARN_ABOUT_RETURN_TYPE = YES_ERROR;
				GCC_WARN_UNDECLARED_SELECTOR = YES;
				GCC_WARN_UNINITIALIZED_AUTOS = YES_AGGRESSIVE;
				GCC_WARN_UNUSED_FUNCTION = YES;
				GCC_WARN_UNUSED_VARIABLE = YES;
				IPHONEOS_DEPLOYMENT_TARGET = 11.4;
				MTL_ENABLE_DEBUG_INFO = YES;
				ONLY_ACTIVE_ARCH = YES;
				SDKROOT = iphoneos;
				SWIFT_ACTIVE_COMPILATION_CONDITIONS = DEBUG;
				SWIFT_OPTIMIZATION_LEVEL = "-Onone";
			};
			name = Debug;
		};
		8C19289C20FD237A00994EBE /* Release */ = {
			isa = XCBuildConfiguration;
			buildSettings = {
				ALWAYS_SEARCH_USER_PATHS = NO;
				CLANG_ANALYZER_NONNULL = YES;
				CLANG_ANALYZER_NUMBER_OBJECT_CONVERSION = YES_AGGRESSIVE;
				CLANG_CXX_LANGUAGE_STANDARD = "gnu++14";
				CLANG_CXX_LIBRARY = "libc++";
				CLANG_ENABLE_MODULES = YES;
				CLANG_ENABLE_OBJC_ARC = YES;
				CLANG_ENABLE_OBJC_WEAK = YES;
				CLANG_WARN_BLOCK_CAPTURE_AUTORELEASING = YES;
				CLANG_WARN_BOOL_CONVERSION = YES;
				CLANG_WARN_COMMA = YES;
				CLANG_WARN_CONSTANT_CONVERSION = YES;
				CLANG_WARN_DEPRECATED_OBJC_IMPLEMENTATIONS = YES;
				CLANG_WARN_DIRECT_OBJC_ISA_USAGE = YES_ERROR;
				CLANG_WARN_DOCUMENTATION_COMMENTS = YES;
				CLANG_WARN_EMPTY_BODY = YES;
				CLANG_WARN_ENUM_CONVERSION = YES;
				CLANG_WARN_INFINITE_RECURSION = YES;
				CLANG_WARN_INT_CONVERSION = YES;
				CLANG_WARN_NON_LITERAL_NULL_CONVERSION = YES;
				CLANG_WARN_OBJC_IMPLICIT_RETAIN_SELF = YES;
				CLANG_WARN_OBJC_LITERAL_CONVERSION = YES;
				CLANG_WARN_OBJC_ROOT_CLASS = YES_ERROR;
				CLANG_WARN_RANGE_LOOP_ANALYSIS = YES;
				CLANG_WARN_STRICT_PROTOTYPES = YES;
				CLANG_WARN_SUSPICIOUS_MOVE = YES;
				CLANG_WARN_UNGUARDED_AVAILABILITY = YES_AGGRESSIVE;
				CLANG_WARN_UNREACHABLE_CODE = YES;
				CLANG_WARN__DUPLICATE_METHOD_MATCH = YES;
				CODE_SIGN_IDENTITY = "iPhone Developer";
				COPY_PHASE_STRIP = NO;
				DEBUG_INFORMATION_FORMAT = "dwarf-with-dsym";
				ENABLE_NS_ASSERTIONS = NO;
				ENABLE_STRICT_OBJC_MSGSEND = YES;
				GCC_C_LANGUAGE_STANDARD = gnu11;
				GCC_NO_COMMON_BLOCKS = YES;
				GCC_WARN_64_TO_32_BIT_CONVERSION = YES;
				GCC_WARN_ABOUT_RETURN_TYPE = YES_ERROR;
				GCC_WARN_UNDECLARED_SELECTOR = YES;
				GCC_WARN_UNINITIALIZED_AUTOS = YES_AGGRESSIVE;
				GCC_WARN_UNUSED_FUNCTION = YES;
				GCC_WARN_UNUSED_VARIABLE = YES;
				IPHONEOS_DEPLOYMENT_TARGET = 11.4;
				MTL_ENABLE_DEBUG_INFO = NO;
				SDKROOT = iphoneos;
				SWIFT_COMPILATION_MODE = wholemodule;
				SWIFT_OPTIMIZATION_LEVEL = "-O";
				VALIDATE_PRODUCT = YES;
			};
			name = Release;
		};
		8C19289E20FD237A00994EBE /* Debug */ = {
			isa = XCBuildConfiguration;
			buildSettings = {
				ASSETCATALOG_COMPILER_APPICON_NAME = AppIcon;
				CODE_SIGN_STYLE = Automatic;
				INFOPLIST_FILE = BitriseTest/Info.plist;
				LD_RUNPATH_SEARCH_PATHS = (
					"$(inherited)",
					"@executable_path/Frameworks",
				);
				PRODUCT_BUNDLE_IDENTIFIER = personal.BitriseTest;
				PRODUCT_NAME = "$(TARGET_NAME)";
				SWIFT_VERSION = 4.0;
				TARGETED_DEVICE_FAMILY = "1,2";
			};
			name = Debug;
		};
		8C19289F20FD237A00994EBE /* Release */ = {
			isa = XCBuildConfiguration;
			buildSettings = {
				ASSETCATALOG_COMPILER_APPICON_NAME = AppIcon;
				CODE_SIGN_STYLE = Automatic;
				INFOPLIST_FILE = BitriseTest/Info.plist;
				LD_RUNPATH_SEARCH_PATHS = (
					"$(inherited)",
					"@executable_path/Frameworks",
				);
				PRODUCT_BUNDLE_IDENTIFIER = personal.BitriseTest;
				PRODUCT_NAME = "$(TARGET_NAME)";
				SWIFT_VERSION = 4.0;
				TARGETED_DEVICE_FAMILY = "1,2";
			};
			name = Release;
		};
		8C1928A120FD237A00994EBE /* Debug */ = {
			isa = XCBuildConfiguration;
			buildSettings = {
				ALWAYS_EMBED_SWIFT_STANDARD_LIBRARIES = YES;
				BUNDLE_LOADER = "$(TEST_HOST)";
				CODE_SIGN_STYLE = Automatic;
				INFOPLIST_FILE = BitriseTestTests/Info.plist;
				LD_RUNPATH_SEARCH_PATHS = (
					"$(inherited)",
					"@executable_path/Frameworks",
					"@loader_path/Frameworks",
				);
				PRODUCT_BUNDLE_IDENTIFIER = personal.BitriseTestTests;
				PRODUCT_NAME = "$(TARGET_NAME)";
				SWIFT_VERSION = 4.0;
				TARGETED_DEVICE_FAMILY = "1,2";
				TEST_HOST = "$(BUILT_PRODUCTS_DIR)/BitriseTest.app/BitriseTest";
			};
			name = Debug;
		};
		8C1928A220FD237A00994EBE /* Release */ = {
			isa = XCBuildConfiguration;
			buildSettings = {
				ALWAYS_EMBED_SWIFT_STANDARD_LIBRARIES = YES;
				BUNDLE_LOADER = "$(TEST_HOST)";
				CODE_SIGN_STYLE = Automatic;
				INFOPLIST_FILE = BitriseTestTests/Info.plist;
				LD_RUNPATH_SEARCH_PATHS = (
					"$(inherited)",
					"@executable_path/Frameworks",
					"@loader_path/Frameworks",
				);
				PRODUCT_BUNDLE_IDENTIFIER = personal.BitriseTestTests;
				PRODUCT_NAME = "$(TARGET_NAME)";
				SWIFT_VERSION = 4.0;
				TARGETED_DEVICE_FAMILY = "1,2";
				TEST_HOST = "$(BUILT_PRODUCTS_DIR)/BitriseTest.app/BitriseTest";
			};
			name = Release;
		};
		8C1928A420FD237A00994EBE /* Debug */ = {
			isa = XCBuildConfiguration;
			buildSettings = {
				ALWAYS_EMBED_SWIFT_STANDARD_LIBRARIES = YES;
				CODE_SIGN_STYLE = Automatic;
				INFOPLIST_FILE = BitriseTestUITests/Info.plist;
				LD_RUNPATH_SEARCH_PATHS = (
					"$(inherited)",
					"@executable_path/Frameworks",
					"@loader_path/Frameworks",
				);
				PRODUCT_BUNDLE_IDENTIFIER = personal.BitriseTestUITests;
				PRODUCT_NAME = "$(TARGET_NAME)";
				SWIFT_VERSION = 4.0;
				TARGETED_DEVICE_FAMILY = "1,2";
				TEST_TARGET_NAME = BitriseTest;
			};
			name = Debug;
		};
		8C1928A520FD237A00994EBE /* Release */ = {
			isa = XCBuildConfiguration;
			buildSettings = {
				ALWAYS_EMBED_SWIFT_STANDARD_LIBRARIES = YES;
				CODE_SIGN_STYLE = Automatic;
				INFOPLIST_FILE = BitriseTestUITests/Info.plist;
				LD_RUNPATH_SEARCH_PATHS = (
					"$(inherited)",
					"@executable_path/Frameworks",
					"@loader_path/Frameworks",
				);
				PRODUCT_BUNDLE_IDENTIFIER = personal.BitriseTestUITests;
				PRODUCT_NAME = "$(TARGET_NAME)";
				SWIFT_VERSION = 4.0;
				TARGETED_DEVICE_FAMILY = "1,2";
				TEST_TARGET_NAME = BitriseTest;
			};
			name = Release;
		};
/* End XCBuildConfiguration section */

/* Begin XCConfigurationList section */
		8C19287020FD237900994EBE /* Build configuration list for PBXProject "BitriseTest" */ = {
			isa = XCConfigurationList;
			buildConfigurations = (
				8C19289B20FD237A00994EBE /* Debug */,
				8C19289C20FD237A00994EBE /* Release */,
			);
			defaultConfigurationIsVisible = 0;
			defaultConfigurationName = Release;
		};
		8C19289D20FD237A00994EBE /* Build configuration list for PBXNativeTarget "BitriseTest" */ = {
			isa = XCConfigurationList;
			buildConfigurations = (
				8C19289E20FD237A00994EBE /* Debug */,
				8C19289F20FD237A00994EBE /* Release */,
			);
			defaultConfigurationIsVisible = 0;
			defaultConfigurationName = Release;
		};
		8C1928A020FD237A00994EBE /* Build configuration list for PBXNativeTarget "BitriseTestTests" */ = {
			isa = XCConfigurationList;
			buildConfigurations = (
				8C1928A120FD237A00994EBE /* Debug */,
				8C1928A220FD237A00994EBE /* Release */,
			);
			defaultConfigurationIsVisible = 0;
			defaultConfigurationName = Release;
		};
		8C1928A320FD237A00994EBE /* Build configuration list for PBXNativeTarget "BitriseTestUITests" */ = {
			isa = XCConfigurationList;
			buildConfigurations = (
				8C1928A420FD237A00994EBE /* Debug */,
				8C1928A520FD237A00994EBE /* Release */,
			);
			defaultConfigurationIsVisible = 0;
			defaultConfigurationName = Release;
		};
/* End XCConfigurationList section */
	};
	rootObject = 8C19286D20FD237900994EBE /* Project object */;
}
